
Microsoft Visual Studio Solution File, Format Version 12.00
# Visual Studio Version 17
VisualStudioVersion = 17.7.34031.279
MinimumVisualStudioVersion = 10.0.40219.1
Project("{FAE04EC0-301F-11D3-BF4B-00C04F79EFBC}") = "3прог", "3прог\3прог.csproj", "{A65AFDB3-6AFC-47F4-8020-B32875BA5A34}"
EndProject
Global
	GlobalSection(SolutionConfigurationPlatforms) = preSolution
		Debug|Any CPU = Debug|Any CPU
		Release|Any CPU = Release|Any CPU
	EndGlobalSection
	GlobalSection(ProjectConfigurationPlatforms) = postSolution
		{A65AFDB3-6AFC-47F4-8020-B32875BA5A34}.Debug|Any CPU.ActiveCfg = Debug|Any CPU
		{A65AFDB3-6AFC-47F4-8020-B32875BA5A34}.Debug|Any CPU.Build.0 = Debug|Any CPU
		{A65AFDB3-6AFC-47F4-8020-B32875BA5A34}.Release|Any CPU.ActiveCfg = Release|Any CPU
		{A65AFDB3-6AFC-47F4-8020-B32875BA5A34}.Release|Any CPU.Build.0 = Release|Any CPU
	EndGlobalSection
	GlobalSection(SolutionProperties) = preSolution
		HideSolutionNode = FALSE
	EndGlobalSection
	GlobalSection(ExtensibilityGlobals) = postSolution
		SolutionGuid = {4EE7E30A-638F-435B-8CE3-D67F5C897870}
	EndGlobalSection
EndGlobal
